// !$*UTF8*$!
{
	archiveVersion = 1;
	classes = {
	};
	objectVersion = 77;
	objects = {

/* Begin PBXBuildFile section */
		D5DC6DC42D905B2A0063FC7A /* AppDelegate.swift in Sources */ = {isa = PBXBuildFile; fileRef = D5DC6DBD2D905B2A0063FC7A /* AppDelegate.swift */; };
		D5DC6DC52D905B2A0063FC7A /* SceneDelegate.swift in Sources */ = {isa = PBXBuildFile; fileRef = D5DC6DBE2D905B2A0063FC7A /* SceneDelegate.swift */; };
		D5DC6DC62D905B2A0063FC7A /* ViewController.swift in Sources */ = {isa = PBXBuildFile; fileRef = D5DC6DC22D905B2A0063FC7A /* ViewController.swift */; };
		D5DC6DC72D905B2A0063FC7A /* Assets.xcassets in Resources */ = {isa = PBXBuildFile; fileRef = D5DC6DC02D905B2A0063FC7A /* Assets.xcassets */; };
/* End PBXBuildFile section */

/* Begin PBXFileReference section */
		D5DC6D992D9050E60063FC7A /* studyProjectUIkit.app */ = {isa = PBXFileReference; explicitFileType = wrapper.application; includeInIndex = 0; path = studyProjectUIkit.app; sourceTree = BUILT_PRODUCTS_DIR; };
		D5DC6DBD2D905B2A0063FC7A /* AppDelegate.swift */ = {isa = PBXFileReference; lastKnownFileType = sourcecode.swift; path = AppDelegate.swift; sourceTree = "<group>"; };
		D5DC6DBE2D905B2A0063FC7A /* SceneDelegate.swift */ = {isa = PBXFileReference; lastKnownFileType = sourcecode.swift; path = SceneDelegate.swift; sourceTree = "<group>"; };
		D5DC6DC02D905B2A0063FC7A /* Assets.xcassets */ = {isa = PBXFileReference; lastKnownFileType = folder.assetcatalog; path = Assets.xcassets; sourceTree = "<group>"; };
		D5DC6DC12D905B2A0063FC7A /* Info.plist */ = {isa = PBXFileReference; lastKnownFileType = text.plist.xml; path = Info.plist; sourceTree = "<group>"; };
		D5DC6DC22D905B2A0063FC7A /* ViewController.swift */ = {isa = PBXFileReference; lastKnownFileType = sourcecode.swift; path = ViewController.swift; sourceTree = "<group>"; };
/* End PBXFileReference section */

/* Begin PBXFrameworksBuildPhase section */
		D5DC6D962D9050E60063FC7A /* Frameworks */ = {
			isa = PBXFrameworksBuildPhase;
			buildActionMask = 2147483647;
			files = (
			);
			runOnlyForDeploymentPostprocessing = 0;
		};
/* End PBXFrameworksBuildPhase section */

/* Begin PBXGroup section */
		D5DC6D902D9050E60063FC7A = {
			isa = PBXGroup;
			children = (
				D5DC6DC32D905B2A0063FC7A /* studyProjectUIkit */,
				D5DC6D9A2D9050E60063FC7A /* Products */,
			);
			sourceTree = "<group>";
		};
		D5DC6D9A2D9050E60063FC7A /* Products */ = {
			isa = PBXGroup;
			children = (
				D5DC6D992D9050E60063FC7A /* studyProjectUIkit.app */,
			);
			name = Products;
			sourceTree = "<group>";
		};
		D5DC6DBF2D905B2A0063FC7A /* Application */ = {
			isa = PBXGroup;
			children = (
				D5DC6DBD2D905B2A0063FC7A /* AppDelegate.swift */,
				D5DC6DBE2D905B2A0063FC7A /* SceneDelegate.swift */,
				D5DC6DC22D905B2A0063FC7A /* ViewController.swift */,
			);
			path = Application;
			sourceTree = "<group>";
		};
		D5DC6DC32D905B2A0063FC7A /* studyProjectUIkit */ = {
			isa = PBXGroup;
			children = (
				D5DC6DCE2D905BC30063FC7A /* UI */,
				D5DC6DCF2D905BCD0063FC7A /* Services */,
				D5DC6DCA2D905B550063FC7A /* Core */,
				D5DC6DC92D905B340063FC7A /* Resources */,
				D5DC6DBF2D905B2A0063FC7A /* Application */,
			);
			path = studyProjectUIkit;
			sourceTree = "<group>";
		};
		D5DC6DC92D905B340063FC7A /* Resources */ = {
			isa = PBXGroup;
			children = (
				D5DC6DC12D905B2A0063FC7A /* Info.plist */,
				D5DC6DC02D905B2A0063FC7A /* Assets.xcassets */,
			);
			path = Resources;
			sourceTree = "<group>";
		};
		D5DC6DCA2D905B550063FC7A /* Core */ = {
			isa = PBXGroup;
			children = (
				D5DC6DCB2D905B650063FC7A /* Extentions */,
				D5DC6DCC2D905B750063FC7A /* Protocols */,
				D5DC6DCD2D905B820063FC7A /* Helpers */,
			);
			path = Core;
			sourceTree = "<group>";
		};
		D5DC6DCB2D905B650063FC7A /* Extentions */ = {
			isa = PBXGroup;
			children = (
			);
			path = Extentions;
			sourceTree = "<group>";
		};
		D5DC6DCC2D905B750063FC7A /* Protocols */ = {
			isa = PBXGroup;
			children = (
			);
			path = Protocols;
			sourceTree = "<group>";
		};
		D5DC6DCD2D905B820063FC7A /* Helpers */ = {
			isa = PBXGroup;
			children = (
			);
			path = Helpers;
			sourceTree = "<group>";
		};
		D5DC6DCE2D905BC30063FC7A /* UI */ = {
			isa = PBXGroup;
			children = (
				D5DC6DD32D905C2F0063FC7A /* Components */,
				D5DC6DD22D905C260063FC7A /* Sceens */,
			);
			path = UI;
			sourceTree = "<group>";
		};
		D5DC6DCF2D905BCD0063FC7A /* Services */ = {
			isa = PBXGroup;
			children = (
				D5DC6DD12D905BFC0063FC7A /* StorageServices */,
				D5DC6DD02D905BED0063FC7A /* NetworkServices */,
			);
			path = Services;
			sourceTree = "<group>";
		};
		D5DC6DD02D905BED0063FC7A /* NetworkServices */ = {
			isa = PBXGroup;
			children = (
			);
			path = NetworkServices;
			sourceTree = "<group>";
		};
		D5DC6DD12D905BFC0063FC7A /* StorageServices */ = {
			isa = PBXGroup;
			children = (
			);
			path = StorageServices;
			sourceTree = "<group>";
		};
		D5DC6DD22D905C260063FC7A /* Sceens */ = {
			isa = PBXGroup;
			children = (
			);
			path = Sceens;
			sourceTree = "<group>";
		};
		D5DC6DD32D905C2F0063FC7A /* Components */ = {
			isa = PBXGroup;
			children = (
				D5DC6DD52D905C490063FC7A /* Labels */,
				D5DC6DD42D905C410063FC7A /* Buttons */,
				D5DC6DD72D905C690063FC7A /* Carousels */,
				D5DC6DD62D905C580063FC7A /* SearchBars */,
			);
			path = Components;
			sourceTree = "<group>";
		};
		D5DC6DD42D905C410063FC7A /* Buttons */ = {
			isa = PBXGroup;
			children = (
			);
			path = Buttons;
			sourceTree = "<group>";
		};
		D5DC6DD52D905C490063FC7A /* Labels */ = {
			isa = PBXGroup;
			children = (
			);
			path = Labels;
			sourceTree = "<group>";
		};
		D5DC6DD62D905C580063FC7A /* SearchBars */ = {
			isa = PBXGroup;
			children = (
			);
			path = SearchBars;
			sourceTree = "<group>";
		};
		D5DC6DD72D905C690063FC7A /* Carousels */ = {
			isa = PBXGroup;
			children = (
			);
			path = Carousels;
			sourceTree = "<group>";
		};
/* End PBXGroup section */

/* Begin PBXNativeTarget section */
		D5DC6D982D9050E60063FC7A /* studyProjectUIkit */ = {
			isa = PBXNativeTarget;
			buildConfigurationList = D5DC6DAC2D9050E70063FC7A /* Build configuration list for PBXNativeTarget "studyProjectUIkit" */;
			buildPhases = (
				D5DC6D952D9050E60063FC7A /* Sources */,
				D5DC6D962D9050E60063FC7A /* Frameworks */,
				D5DC6D972D9050E60063FC7A /* Resources */,
			);
			buildRules = (
			);
			dependencies = (
			);
			name = studyProjectUIkit;
			packageProductDependencies = (
			);
			productName = studyProjectUIkit;
			productReference = D5DC6D992D9050E60063FC7A /* studyProjectUIkit.app */;
			productType = "com.apple.product-type.application";
		};
/* End PBXNativeTarget section */

/* Begin PBXProject section */
		D5DC6D912D9050E60063FC7A /* Project object */ = {
			isa = PBXProject;
			attributes = {
				BuildIndependentTargetsInParallel = 1;
				LastSwiftUpdateCheck = 1620;
				LastUpgradeCheck = 1620;
				TargetAttributes = {
					D5DC6D982D9050E60063FC7A = {
						CreatedOnToolsVersion = 16.2;
					};
				};
			};
			buildConfigurationList = D5DC6D942D9050E60063FC7A /* Build configuration list for PBXProject "studyProjectUIkit" */;
			developmentRegion = en;
			hasScannedForEncodings = 0;
			knownRegions = (
				en,
				Base,
			);
			mainGroup = D5DC6D902D9050E60063FC7A;
			minimizedProjectReferenceProxies = 1;
			preferredProjectObjectVersion = 77;
			productRefGroup = D5DC6D9A2D9050E60063FC7A /* Products */;
			projectDirPath = "";
			projectRoot = "";
			targets = (
				D5DC6D982D9050E60063FC7A /* studyProjectUIkit */,
			);
		};
/* End PBXProject section */

/* Begin PBXResourcesBuildPhase section */
		D5DC6D972D9050E60063FC7A /* Resources */ = {
			isa = PBXResourcesBuildPhase;
			buildActionMask = 2147483647;
			files = (
				D5DC6DC72D905B2A0063FC7A /* Assets.xcassets in Resources */,
			);
			runOnlyForDeploymentPostprocessing = 0;
		};
/* End PBXResourcesBuildPhase section */

/* Begin PBXSourcesBuildPhase section */
		D5DC6D952D9050E60063FC7A /* Sources */ = {
			isa = PBXSourcesBuildPhase;
			buildActionMask = 2147483647;
			files = (
				D5DC6DC42D905B2A0063FC7A /* AppDelegate.swift in Sources */,
				D5DC6DC52D905B2A0063FC7A /* SceneDelegate.swift in Sources */,
				D5DC6DC62D905B2A0063FC7A /* ViewController.swift in Sources */,
			);
			runOnlyForDeploymentPostprocessing = 0;
		};
/* End PBXSourcesBuildPhase section */

/* Begin XCBuildConfiguration section */
		D5DC6DAD2D9050E70063FC7A /* Debug */ = {
			isa = XCBuildConfiguration;
			buildSettings = {
				ASSETCATALOG_COMPILER_APPICON_NAME = AppIcon;
				ASSETCATALOG_COMPILER_GLOBAL_ACCENT_COLOR_NAME = AccentColor;
				CODE_SIGN_STYLE = Automatic;
				CURRENT_PROJECT_VERSION = 1;
				DEVELOPMENT_TEAM = YWY49JTZKC;
				GENERATE_INFOPLIST_FILE = YES;
				INFOPLIST_FILE = studyProjectUIkit/Resources/Info.plist;
				INFOPLIST_KEY_UIApplicationSupportsIndirectInputEvents = YES;
				INFOPLIST_KEY_UISupportedInterfaceOrientations = UIInterfaceOrientationPortrait;
				IPHONEOS_DEPLOYMENT_TARGET = 16;
				LD_RUNPATH_SEARCH_PATHS = (
					"$(inherited)",
					"@executable_path/Frameworks",
				);
				MARKETING_VERSION = 1.0;
				PRODUCT_BUNDLE_IDENTIFIER = iCleverStyle.studyProjectUIkit;
				PRODUCT_NAME = "$(TARGET_NAME)";
				SUPPORTED_PLATFORMS = "iphoneos iphonesimulator";
				SUPPORTS_MACCATALYST = NO;
				SUPPORTS_MAC_DESIGNED_FOR_IPHONE_IPAD = NO;
				SUPPORTS_XR_DESIGNED_FOR_IPHONE_IPAD = NO;
				SWIFT_EMIT_LOC_STRINGS = YES;
				SWIFT_VERSION = 5.0;
				TARGETED_DEVICE_FAMILY = 1;
			};
			name = Debug;
		};
		D5DC6DAE2D9050E70063FC7A /* Release */ = {
			isa = XCBuildConfiguration;
			buildSettings = {
				ASSETCATALOG_COMPILER_APPICON_NAME = AppIcon;
				ASSETCATALOG_COMPILER_GLOBAL_ACCENT_COLOR_NAME = AccentColor;
				CODE_SIGN_STYLE = Automatic;
				CURRENT_PROJECT_VERSION = 1;
				DEVELOPMENT_TEAM = YWY49JTZKC;
				GENERATE_INFOPLIST_FILE = YES;
				INFOPLIST_FILE = studyProjectUIkit/Resources/Info.plist;
				INFOPLIST_KEY_UIApplicationSupportsIndirectInputEvents = YES;
				INFOPLIST_KEY_UISupportedInterfaceOrientations = UIInterfaceOrientationPortrait;
				IPHONEOS_DEPLOYMENT_TARGET = 16;
				LD_RUNPATH_SEARCH_PATHS = (
					"$(inherited)",
					"@executable_path/Frameworks",
				);
				MARKETING_VERSION = 1.0;
				PRODUCT_BUNDLE_IDENTIFIER = iCleverStyle.studyProjectUIkit;
				PRODUCT_NAME = "$(TARGET_NAME)";
				SUPPORTED_PLATFORMS = "iphoneos iphonesimulator";
				SUPPORTS_MACCATALYST = NO;
				SUPPORTS_MAC_DESIGNED_FOR_IPHONE_IPAD = NO;
				SUPPORTS_XR_DESIGNED_FOR_IPHONE_IPAD = NO;
				SWIFT_EMIT_LOC_STRINGS = YES;
				SWIFT_VERSION = 5.0;
				TARGETED_DEVICE_FAMILY = 1;
			};
			name = Release;
		};
		D5DC6DAF2D9050E70063FC7A /* Debug */ = {
			isa = XCBuildConfiguration;
			buildSettings = {
				ALWAYS_SEARCH_USER_PATHS = NO;
				ASSETCATALOG_COMPILER_GENERATE_SWIFT_ASSET_SYMBOL_EXTENSIONS = YES;
				CLANG_ANALYZER_NONNULL = YES;
				CLANG_ANALYZER_NUMBER_OBJECT_CONVERSION = YES_AGGRESSIVE;
				CLANG_CXX_LANGUAGE_STANDARD = "gnu++20";
				CLANG_ENABLE_MODULES = YES;
				CLANG_ENABLE_OBJC_ARC = YES;
				CLANG_ENABLE_OBJC_WEAK = YES;
				CLANG_WARN_BLOCK_CAPTURE_AUTORELEASING = YES;
				CLANG_WARN_BOOL_CONVERSION = YES;
				CLANG_WARN_COMMA = YES;
				CLANG_WARN_CONSTANT_CONVERSION = YES;
				CLANG_WARN_DEPRECATED_OBJC_IMPLEMENTATIONS = YES;
				CLANG_WARN_DIRECT_OBJC_ISA_USAGE = YES_ERROR;
				CLANG_WARN_DOCUMENTATION_COMMENTS = YES;
				CLANG_WARN_EMPTY_BODY = YES;
				CLANG_WARN_ENUM_CONVERSION = YES;
				CLANG_WARN_INFINITE_RECURSION = YES;
				CLANG_WARN_INT_CONVERSION = YES;
				CLANG_WARN_NON_LITERAL_NULL_CONVERSION = YES;
				CLANG_WARN_OBJC_IMPLICIT_RETAIN_SELF = YES;
				CLANG_WARN_OBJC_LITERAL_CONVERSION = YES;
				CLANG_WARN_OBJC_ROOT_CLASS = YES_ERROR;
				CLANG_WARN_QUOTED_INCLUDE_IN_FRAMEWORK_HEADER = YES;
				CLANG_WARN_RANGE_LOOP_ANALYSIS = YES;
				CLANG_WARN_STRICT_PROTOTYPES = YES;
				CLANG_WARN_SUSPICIOUS_MOVE = YES;
				CLANG_WARN_UNGUARDED_AVAILABILITY = YES_AGGRESSIVE;
				CLANG_WARN_UNREACHABLE_CODE = YES;
				CLANG_WARN__DUPLICATE_METHOD_MATCH = YES;
				COPY_PHASE_STRIP = NO;
				DEBUG_INFORMATION_FORMAT = dwarf;
				ENABLE_STRICT_OBJC_MSGSEND = YES;
				ENABLE_TESTABILITY = YES;
				ENABLE_USER_SCRIPT_SANDBOXING = YES;
				GCC_C_LANGUAGE_STANDARD = gnu17;
				GCC_DYNAMIC_NO_PIC = NO;
				GCC_NO_COMMON_BLOCKS = YES;
				GCC_OPTIMIZATION_LEVEL = 0;
				GCC_PREPROCESSOR_DEFINITIONS = (
					"DEBUG=1",
					"$(inherited)",
				);
				GCC_WARN_64_TO_32_BIT_CONVERSION = YES;
				GCC_WARN_ABOUT_RETURN_TYPE = YES_ERROR;
				GCC_WARN_UNDECLARED_SELECTOR = YES;
				GCC_WARN_UNINITIALIZED_AUTOS = YES_AGGRESSIVE;
				GCC_WARN_UNUSED_FUNCTION = YES;
				GCC_WARN_UNUSED_VARIABLE = YES;
				IPHONEOS_DEPLOYMENT_TARGET = 18.2;
				LOCALIZATION_PREFERS_STRING_CATALOGS = YES;
				MTL_ENABLE_DEBUG_INFO = INCLUDE_SOURCE;
				MTL_FAST_MATH = YES;
				ONLY_ACTIVE_ARCH = YES;
				SDKROOT = iphoneos;
				SWIFT_ACTIVE_COMPILATION_CONDITIONS = "DEBUG $(inherited)";
				SWIFT_OPTIMIZATION_LEVEL = "-Onone";
			};
			name = Debug;
		};
		D5DC6DB02D9050E70063FC7A /* Release */ = {
			isa = XCBuildConfiguration;
			buildSettings = {
				ALWAYS_SEARCH_USER_PATHS = NO;
				ASSETCATALOG_COMPILER_GENERATE_SWIFT_ASSET_SYMBOL_EXTENSIONS = YES;
				CLANG_ANALYZER_NONNULL = YES;
				CLANG_ANALYZER_NUMBER_OBJECT_CONVERSION = YES_AGGRESSIVE;
				CLANG_CXX_LANGUAGE_STANDARD = "gnu++20";
				CLANG_ENABLE_MODULES = YES;
				CLANG_ENABLE_OBJC_ARC = YES;
				CLANG_ENABLE_OBJC_WEAK = YES;
				CLANG_WARN_BLOCK_CAPTURE_AUTORELEASING = YES;
				CLANG_WARN_BOOL_CONVERSION = YES;
				CLANG_WARN_COMMA = YES;
				CLANG_WARN_CONSTANT_CONVERSION = YES;
				CLANG_WARN_DEPRECATED_OBJC_IMPLEMENTATIONS = YES;
				CLANG_WARN_DIRECT_OBJC_ISA_USAGE = YES_ERROR;
				CLANG_WARN_DOCUMENTATION_COMMENTS = YES;
				CLANG_WARN_EMPTY_BODY = YES;
				CLANG_WARN_ENUM_CONVERSION = YES;
				CLANG_WARN_INFINITE_RECURSION = YES;
				CLANG_WARN_INT_CONVERSION = YES;
				CLANG_WARN_NON_LITERAL_NULL_CONVERSION = YES;
				CLANG_WARN_OBJC_IMPLICIT_RETAIN_SELF = YES;
				CLANG_WARN_OBJC_LITERAL_CONVERSION = YES;
				CLANG_WARN_OBJC_ROOT_CLASS = YES_ERROR;
				CLANG_WARN_QUOTED_INCLUDE_IN_FRAMEWORK_HEADER = YES;
				CLANG_WARN_RANGE_LOOP_ANALYSIS = YES;
				CLANG_WARN_STRICT_PROTOTYPES = YES;
				CLANG_WARN_SUSPICIOUS_MOVE = YES;
				CLANG_WARN_UNGUARDED_AVAILABILITY = YES_AGGRESSIVE;
				CLANG_WARN_UNREACHABLE_CODE = YES;
				CLANG_WARN__DUPLICATE_METHOD_MATCH = YES;
				COPY_PHASE_STRIP = NO;
				DEBUG_INFORMATION_FORMAT = "dwarf-with-dsym";
				ENABLE_NS_ASSERTIONS = NO;
				ENABLE_STRICT_OBJC_MSGSEND = YES;
				ENABLE_USER_SCRIPT_SANDBOXING = YES;
				GCC_C_LANGUAGE_STANDARD = gnu17;
				GCC_NO_COMMON_BLOCKS = YES;
				GCC_WARN_64_TO_32_BIT_CONVERSION = YES;
				GCC_WARN_ABOUT_RETURN_TYPE = YES_ERROR;
				GCC_WARN_UNDECLARED_SELECTOR = YES;
				GCC_WARN_UNINITIALIZED_AUTOS = YES_AGGRESSIVE;
				GCC_WARN_UNUSED_FUNCTION = YES;
				GCC_WARN_UNUSED_VARIABLE = YES;
				IPHONEOS_DEPLOYMENT_TARGET = 18.2;
				LOCALIZATION_PREFERS_STRING_CATALOGS = YES;
				MTL_ENABLE_DEBUG_INFO = NO;
				MTL_FAST_MATH = YES;
				SDKROOT = iphoneos;
				SWIFT_COMPILATION_MODE = wholemodule;
				VALIDATE_PRODUCT = YES;
			};
			name = Release;
		};
/* End XCBuildConfiguration section */

/* Begin XCConfigurationList section */
		D5DC6D942D9050E60063FC7A /* Build configuration list for PBXProject "studyProjectUIkit" */ = {
			isa = XCConfigurationList;
			buildConfigurations = (
				D5DC6DAF2D9050E70063FC7A /* Debug */,
				D5DC6DB02D9050E70063FC7A /* Release */,
			);
			defaultConfigurationIsVisible = 0;
			defaultConfigurationName = Release;
		};
		D5DC6DAC2D9050E70063FC7A /* Build configuration list for PBXNativeTarget "studyProjectUIkit" */ = {
			isa = XCConfigurationList;
			buildConfigurations = (
				D5DC6DAD2D9050E70063FC7A /* Debug */,
				D5DC6DAE2D9050E70063FC7A /* Release */,
			);
			defaultConfigurationIsVisible = 0;
			defaultConfigurationName = Release;
		};
/* End XCConfigurationList section */
	};
	rootObject = D5DC6D912D9050E60063FC7A /* Project object */;
}
